
Microsoft Visual Studio Solution File, Format Version 12.00
# Visual Studio Version 17
VisualStudioVersion = 17.7.34202.233
MinimumVisualStudioVersion = 10.0.40219.1
Project("{2150E333-8FDC-42A3-9474-1A3956D46DE8}") = "src", "src", "{B3421B0C-B4DB-434C-A7E4-74EC0669ADE9}"
EndProject
Project("{2150E333-8FDC-42A3-9474-1A3956D46DE8}") = "Services", "Services", "{606766DE-FE98-466B-87C6-B980B4A1DFCF}"
EndProject
Project("{2150E333-8FDC-42A3-9474-1A3956D46DE8}") = "Core", "Core", "{D8A3275F-5CE4-4C47-A2FA-F6BF6627E6B9}"
EndProject
Project("{E53339B2-1760-4266-BCC7-CA923CBCF16C}") = "docker-compose", "docker-compose.dcproj", "{E037E03D-4175-4AB9-978B-8BCBAC222151}"
EndProject
Project("{2150E333-8FDC-42A3-9474-1A3956D46DE8}") = "EventBus", "EventBus", "{A5205402-CC7F-4BD5-A237-110A21771C17}"
EndProject
Project("{2150E333-8FDC-42A3-9474-1A3956D46DE8}") = "Shared", "Shared", "{63197C24-577F-4D83-8768-BF4DBBA3DF07}"
EndProject
Project("{9A19103F-16F7-4668-BE54-9A1E7A4F7556}") = "Core.EventBus.Masstransit", "src\Core\EventBus\EventBus.Masstransit\Core.EventBus.Masstransit.csproj", "{CA6971E5-3988-49B7-8E72-B5F4BDBA592C}"
EndProject
Project("{9A19103F-16F7-4668-BE54-9A1E7A4F7556}") = "Core.EventBus", "src\Core\EventBus\EventBus.Base\Core.EventBus.csproj", "{4717BD95-F050-4BE9-8438-249DD39B997F}"
EndProject
Project("{2150E333-8FDC-42A3-9474-1A3956D46DE8}") = "Account", "Account", "{06284DEB-1723-4744-96CC-308D8A26B8E3}"
EndProject
Project("{2150E333-8FDC-42A3-9474-1A3956D46DE8}") = "Pms", "Pms", "{A36CA45E-99C2-4A9F-A9D3-871E582AF6E4}"
EndProject
Project("{9A19103F-16F7-4668-BE54-9A1E7A4F7556}") = "Account.APIs", "src\Services\Account\Account.APIs\Account.APIs.csproj", "{7144B92E-FE62-462C-8FD3-06C6C99E0BC1}"
EndProject
Project("{9A19103F-16F7-4668-BE54-9A1E7A4F7556}") = "Pms.APIs", "src\Services\Pms\Pms.APIs\Pms.APIs.csproj", "{1399D383-E12C-435E-84BC-DBDDF9477DF7}"
EndProject
Project("{9A19103F-16F7-4668-BE54-9A1E7A4F7556}") = "Pms.Infrastructure", "src\Services\Pms\Pms.Infrastructure\Pms.Infrastructure.csproj", "{E84DBE50-3DCA-4BE1-A8BA-CE255684D860}"
EndProject
Project("{9A19103F-16F7-4668-BE54-9A1E7A4F7556}") = "Pms.Domain", "src\Services\Pms\Pms.Domain\Pms.Domain.csproj", "{A4E84336-C9C3-4B09-991F-2A3D493D3445}"
EndProject
Project("{2150E333-8FDC-42A3-9474-1A3956D46DE8}") = "DataModels", "DataModels", "{3F944034-C425-42C9-9F89-D1318769F6A9}"
EndProject
Project("{9A19103F-16F7-4668-BE54-9A1E7A4F7556}") = "DataModels.Core", "src\Core\DataBase\DataBase.Core\DataModels.Core.csproj", "{CD79461B-C92A-4C30-B7D7-F7E6D6825472}"
EndProject
Project("{9A19103F-16F7-4668-BE54-9A1E7A4F7556}") = "Pms.Application", "src\Services\Pms\Pms.Application\Pms.Application.csproj", "{C1CC0AA7-44AA-483D-B91C-7DF6F9EFD572}"
EndProject
Project("{2150E333-8FDC-42A3-9474-1A3956D46DE8}") = "Identity", "Identity", "{A5B9C554-D14E-40B9-88D6-A496B3329CDC}"
EndProject
Project("{9A19103F-16F7-4668-BE54-9A1E7A4F7556}") = "Pms.Identity.APIs", "src\Services\Identity\Pms.Identity.APIs\Pms.Identity.APIs.csproj", "{AA239BE3-85AD-49BC-BCC3-5BE63F0DF2D9}"
EndProject
Project("{2150E333-8FDC-42A3-9474-1A3956D46DE8}") = "Logging", "Logging", "{41E9A763-2BC6-46F5-9BF5-55E09CBD9BB2}"
EndProject
Project("{9A19103F-16F7-4668-BE54-9A1E7A4F7556}") = "Logging.Core", "src\Core\Logging\Logging.Core\Logging.Core.csproj", "{9EAD718C-0899-4774-867A-473AEC01EA65}"
EndProject
Project("{FAE04EC0-301F-11D3-BF4B-00C04F79EFBC}") = "Shared.AuditLog", "src\Services\Shared\Shared.AuditLog\Shared.AuditLog.csproj", "{213F67FD-FB01-4EDD-883E-8440532E5272}"
EndProject
Project("{9A19103F-16F7-4668-BE54-9A1E7A4F7556}") = "SharedModels", "src\Services\Shared\TransactionIntegrationEvents\SharedModels.csproj", "{390D92FF-51FA-4CBA-9739-31D4AEAB79F3}"
EndProject
Global
	GlobalSection(SolutionConfigurationPlatforms) = preSolution
		Debug|Any CPU = Debug|Any CPU
		Release|Any CPU = Release|Any CPU
	EndGlobalSection
	GlobalSection(ProjectConfigurationPlatforms) = postSolution
		{E037E03D-4175-4AB9-978B-8BCBAC222151}.Debug|Any CPU.ActiveCfg = Debug|Any CPU
		{E037E03D-4175-4AB9-978B-8BCBAC222151}.Debug|Any CPU.Build.0 = Debug|Any CPU
		{E037E03D-4175-4AB9-978B-8BCBAC222151}.Release|Any CPU.ActiveCfg = Release|Any CPU
		{E037E03D-4175-4AB9-978B-8BCBAC222151}.Release|Any CPU.Build.0 = Release|Any CPU
		{CA6971E5-3988-49B7-8E72-B5F4BDBA592C}.Debug|Any CPU.ActiveCfg = Debug|Any CPU
		{CA6971E5-3988-49B7-8E72-B5F4BDBA592C}.Debug|Any CPU.Build.0 = Debug|Any CPU
		{CA6971E5-3988-49B7-8E72-B5F4BDBA592C}.Release|Any CPU.ActiveCfg = Release|Any CPU
		{CA6971E5-3988-49B7-8E72-B5F4BDBA592C}.Release|Any CPU.Build.0 = Release|Any CPU
		{4717BD95-F050-4BE9-8438-249DD39B997F}.Debug|Any CPU.ActiveCfg = Debug|Any CPU
		{4717BD95-F050-4BE9-8438-249DD39B997F}.Debug|Any CPU.Build.0 = Debug|Any CPU
		{4717BD95-F050-4BE9-8438-249DD39B997F}.Release|Any CPU.ActiveCfg = Release|Any CPU
		{4717BD95-F050-4BE9-8438-249DD39B997F}.Release|Any CPU.Build.0 = Release|Any CPU
		{7144B92E-FE62-462C-8FD3-06C6C99E0BC1}.Debug|Any CPU.ActiveCfg = Debug|Any CPU
		{7144B92E-FE62-462C-8FD3-06C6C99E0BC1}.Debug|Any CPU.Build.0 = Debug|Any CPU
		{7144B92E-FE62-462C-8FD3-06C6C99E0BC1}.Release|Any CPU.ActiveCfg = Release|Any CPU
		{7144B92E-FE62-462C-8FD3-06C6C99E0BC1}.Release|Any CPU.Build.0 = Release|Any CPU
		{1399D383-E12C-435E-84BC-DBDDF9477DF7}.Debug|Any CPU.ActiveCfg = Debug|Any CPU
		{1399D383-E12C-435E-84BC-DBDDF9477DF7}.Debug|Any CPU.Build.0 = Debug|Any CPU
		{1399D383-E12C-435E-84BC-DBDDF9477DF7}.Release|Any CPU.ActiveCfg = Release|Any CPU
		{1399D383-E12C-435E-84BC-DBDDF9477DF7}.Release|Any CPU.Build.0 = Release|Any CPU
		{E84DBE50-3DCA-4BE1-A8BA-CE255684D860}.Debug|Any CPU.ActiveCfg = Debug|Any CPU
		{E84DBE50-3DCA-4BE1-A8BA-CE255684D860}.Debug|Any CPU.Build.0 = Debug|Any CPU
		{E84DBE50-3DCA-4BE1-A8BA-CE255684D860}.Release|Any CPU.ActiveCfg = Release|Any CPU
		{E84DBE50-3DCA-4BE1-A8BA-CE255684D860}.Release|Any CPU.Build.0 = Release|Any CPU
		{A4E84336-C9C3-4B09-991F-2A3D493D3445}.Debug|Any CPU.ActiveCfg = Debug|Any CPU
		{A4E84336-C9C3-4B09-991F-2A3D493D3445}.Debug|Any CPU.Build.0 = Debug|Any CPU
		{A4E84336-C9C3-4B09-991F-2A3D493D3445}.Release|Any CPU.ActiveCfg = Release|Any CPU
		{A4E84336-C9C3-4B09-991F-2A3D493D3445}.Release|Any CPU.Build.0 = Release|Any CPU
		{CD79461B-C92A-4C30-B7D7-F7E6D6825472}.Debug|Any CPU.ActiveCfg = Debug|Any CPU
		{CD79461B-C92A-4C30-B7D7-F7E6D6825472}.Debug|Any CPU.Build.0 = Debug|Any CPU
		{CD79461B-C92A-4C30-B7D7-F7E6D6825472}.Release|Any CPU.ActiveCfg = Release|Any CPU
		{CD79461B-C92A-4C30-B7D7-F7E6D6825472}.Release|Any CPU.Build.0 = Release|Any CPU
		{C1CC0AA7-44AA-483D-B91C-7DF6F9EFD572}.Debug|Any CPU.ActiveCfg = Debug|Any CPU
		{C1CC0AA7-44AA-483D-B91C-7DF6F9EFD572}.Debug|Any CPU.Build.0 = Debug|Any CPU
		{C1CC0AA7-44AA-483D-B91C-7DF6F9EFD572}.Release|Any CPU.ActiveCfg = Release|Any CPU
		{C1CC0AA7-44AA-483D-B91C-7DF6F9EFD572}.Release|Any CPU.Build.0 = Release|Any CPU
		{AA239BE3-85AD-49BC-BCC3-5BE63F0DF2D9}.Debug|Any CPU.ActiveCfg = Debug|Any CPU
		{AA239BE3-85AD-49BC-BCC3-5BE63F0DF2D9}.Debug|Any CPU.Build.0 = Debug|Any CPU
		{AA239BE3-85AD-49BC-BCC3-5BE63F0DF2D9}.Release|Any CPU.ActiveCfg = Release|Any CPU
		{AA239BE3-85AD-49BC-BCC3-5BE63F0DF2D9}.Release|Any CPU.Build.0 = Release|Any CPU
		{9EAD718C-0899-4774-867A-473AEC01EA65}.Debug|Any CPU.ActiveCfg = Debug|Any CPU
		{9EAD718C-0899-4774-867A-473AEC01EA65}.Debug|Any CPU.Build.0 = Debug|Any CPU
		{9EAD718C-0899-4774-867A-473AEC01EA65}.Release|Any CPU.ActiveCfg = Release|Any CPU
		{9EAD718C-0899-4774-867A-473AEC01EA65}.Release|Any CPU.Build.0 = Release|Any CPU
		{213F67FD-FB01-4EDD-883E-8440532E5272}.Debug|Any CPU.ActiveCfg = Debug|Any CPU
		{213F67FD-FB01-4EDD-883E-8440532E5272}.Debug|Any CPU.Build.0 = Debug|Any CPU
		{213F67FD-FB01-4EDD-883E-8440532E5272}.Release|Any CPU.ActiveCfg = Release|Any CPU
		{213F67FD-FB01-4EDD-883E-8440532E5272}.Release|Any CPU.Build.0 = Release|Any CPU
		{390D92FF-51FA-4CBA-9739-31D4AEAB79F3}.Debug|Any CPU.ActiveCfg = Debug|Any CPU
		{390D92FF-51FA-4CBA-9739-31D4AEAB79F3}.Debug|Any CPU.Build.0 = Debug|Any CPU
		{390D92FF-51FA-4CBA-9739-31D4AEAB79F3}.Release|Any CPU.ActiveCfg = Release|Any CPU
		{390D92FF-51FA-4CBA-9739-31D4AEAB79F3}.Release|Any CPU.Build.0 = Release|Any CPU
	EndGlobalSection
	GlobalSection(SolutionProperties) = preSolution
		HideSolutionNode = FALSE
	EndGlobalSection
	GlobalSection(NestedProjects) = preSolution
		{606766DE-FE98-466B-87C6-B980B4A1DFCF} = {B3421B0C-B4DB-434C-A7E4-74EC0669ADE9}
		{D8A3275F-5CE4-4C47-A2FA-F6BF6627E6B9} = {B3421B0C-B4DB-434C-A7E4-74EC0669ADE9}
		{A5205402-CC7F-4BD5-A237-110A21771C17} = {D8A3275F-5CE4-4C47-A2FA-F6BF6627E6B9}
		{63197C24-577F-4D83-8768-BF4DBBA3DF07} = {606766DE-FE98-466B-87C6-B980B4A1DFCF}
		{CA6971E5-3988-49B7-8E72-B5F4BDBA592C} = {A5205402-CC7F-4BD5-A237-110A21771C17}
		{4717BD95-F050-4BE9-8438-249DD39B997F} = {A5205402-CC7F-4BD5-A237-110A21771C17}
		{06284DEB-1723-4744-96CC-308D8A26B8E3} = {606766DE-FE98-466B-87C6-B980B4A1DFCF}
		{A36CA45E-99C2-4A9F-A9D3-871E582AF6E4} = {606766DE-FE98-466B-87C6-B980B4A1DFCF}
		{7144B92E-FE62-462C-8FD3-06C6C99E0BC1} = {06284DEB-1723-4744-96CC-308D8A26B8E3}
		{1399D383-E12C-435E-84BC-DBDDF9477DF7} = {A36CA45E-99C2-4A9F-A9D3-871E582AF6E4}
		{E84DBE50-3DCA-4BE1-A8BA-CE255684D860} = {A36CA45E-99C2-4A9F-A9D3-871E582AF6E4}
		{A4E84336-C9C3-4B09-991F-2A3D493D3445} = {A36CA45E-99C2-4A9F-A9D3-871E582AF6E4}
		{3F944034-C425-42C9-9F89-D1318769F6A9} = {D8A3275F-5CE4-4C47-A2FA-F6BF6627E6B9}
		{CD79461B-C92A-4C30-B7D7-F7E6D6825472} = {3F944034-C425-42C9-9F89-D1318769F6A9}
		{C1CC0AA7-44AA-483D-B91C-7DF6F9EFD572} = {A36CA45E-99C2-4A9F-A9D3-871E582AF6E4}
		{A5B9C554-D14E-40B9-88D6-A496B3329CDC} = {606766DE-FE98-466B-87C6-B980B4A1DFCF}
		{AA239BE3-85AD-49BC-BCC3-5BE63F0DF2D9} = {A5B9C554-D14E-40B9-88D6-A496B3329CDC}
		{41E9A763-2BC6-46F5-9BF5-55E09CBD9BB2} = {D8A3275F-5CE4-4C47-A2FA-F6BF6627E6B9}
		{9EAD718C-0899-4774-867A-473AEC01EA65} = {41E9A763-2BC6-46F5-9BF5-55E09CBD9BB2}
		{213F67FD-FB01-4EDD-883E-8440532E5272} = {63197C24-577F-4D83-8768-BF4DBBA3DF07}
		{390D92FF-51FA-4CBA-9739-31D4AEAB79F3} = {63197C24-577F-4D83-8768-BF4DBBA3DF07}
	EndGlobalSection
	GlobalSection(ExtensibilityGlobals) = postSolution
		SolutionGuid = {0FAB2505-CD1D-43D3-82FD-2FF84C13EEB3}
	EndGlobalSection
EndGlobal
