
Microsoft Visual Studio Solution File, Format Version 12.00
# Visual Studio Version 17
VisualStudioVersion = 17.7.34202.233
MinimumVisualStudioVersion = 10.0.40219.1
Project("{2150E333-8FDC-42A3-9474-1A3956D46DE8}") = "src", "src", "{B3421B0C-B4DB-434C-A7E4-74EC0669ADE9}"
EndProject
Project("{2150E333-8FDC-42A3-9474-1A3956D46DE8}") = "Services", "Services", "{606766DE-FE98-466B-87C6-B980B4A1DFCF}"
EndProject
Project("{2150E333-8FDC-42A3-9474-1A3956D46DE8}") = "Core", "Core", "{D8A3275F-5CE4-4C47-A2FA-F6BF6627E6B9}"
EndProject
Project("{E53339B2-1760-4266-BCC7-CA923CBCF16C}") = "docker-compose", "docker-compose.dcproj", "{E037E03D-4175-4AB9-978B-8BCBAC222151}"
EndProject
Project("{2150E333-8FDC-42A3-9474-1A3956D46DE8}") = "EventBus", "EventBus", "{A5205402-CC7F-4BD5-A237-110A21771C17}"
EndProject
Project("{2150E333-8FDC-42A3-9474-1A3956D46DE8}") = "Shared", "Shared", "{63197C24-577F-4D83-8768-BF4DBBA3DF07}"
EndProject
Project("{9A19103F-16F7-4668-BE54-9A1E7A4F7556}") = "Core.EventBus.Masstransit", "src\Core\EventBus\EventBus.Masstransit\Core.EventBus.Masstransit.csproj", "{CA6971E5-3988-49B7-8E72-B5F4BDBA592C}"
EndProject
Project("{9A19103F-16F7-4668-BE54-9A1E7A4F7556}") = "Core.EventBus", "src\Core\EventBus\EventBus.Base\Core.EventBus.csproj", "{4717BD95-F050-4BE9-8438-249DD39B997F}"
EndProject
Project("{2150E333-8FDC-42A3-9474-1A3956D46DE8}") = "Account", "Account", "{06284DEB-1723-4744-96CC-308D8A26B8E3}"
EndProject
Project("{2150E333-8FDC-42A3-9474-1A3956D46DE8}") = "Pms", "Pms", "{A36CA45E-99C2-4A9F-A9D3-871E582AF6E4}"
EndProject
Project("{9A19103F-16F7-4668-BE54-9A1E7A4F7556}") = "Account.APIs", "src\Services\Account\Account.APIs\Account.APIs.csproj", "{7144B92E-FE62-462C-8FD3-06C6C99E0BC1}"
EndProject
Project("{9A19103F-16F7-4668-BE54-9A1E7A4F7556}") = "Pms.APIs", "src\Services\Pms\Pms.APIs\Pms.APIs.csproj", "{1399D383-E12C-435E-84BC-DBDDF9477DF7}"
EndProject
Project("{9A19103F-16F7-4668-BE54-9A1E7A4F7556}") = "SharedModels", "src\Services\Shared\SharedModels.csproj", "{A8F98DA7-3557-4076-909E-513000D33821}"
EndProject
Global
	GlobalSection(SolutionConfigurationPlatforms) = preSolution
		Debug|Any CPU = Debug|Any CPU
		Release|Any CPU = Release|Any CPU
	EndGlobalSection
	GlobalSection(ProjectConfigurationPlatforms) = postSolution
		{E037E03D-4175-4AB9-978B-8BCBAC222151}.Debug|Any CPU.ActiveCfg = Debug|Any CPU
		{E037E03D-4175-4AB9-978B-8BCBAC222151}.Debug|Any CPU.Build.0 = Debug|Any CPU
		{E037E03D-4175-4AB9-978B-8BCBAC222151}.Release|Any CPU.ActiveCfg = Release|Any CPU
		{E037E03D-4175-4AB9-978B-8BCBAC222151}.Release|Any CPU.Build.0 = Release|Any CPU
		{CA6971E5-3988-49B7-8E72-B5F4BDBA592C}.Debug|Any CPU.ActiveCfg = Debug|Any CPU
		{CA6971E5-3988-49B7-8E72-B5F4BDBA592C}.Debug|Any CPU.Build.0 = Debug|Any CPU
		{CA6971E5-3988-49B7-8E72-B5F4BDBA592C}.Release|Any CPU.ActiveCfg = Release|Any CPU
		{CA6971E5-3988-49B7-8E72-B5F4BDBA592C}.Release|Any CPU.Build.0 = Release|Any CPU
		{4717BD95-F050-4BE9-8438-249DD39B997F}.Debug|Any CPU.ActiveCfg = Debug|Any CPU
		{4717BD95-F050-4BE9-8438-249DD39B997F}.Debug|Any CPU.Build.0 = Debug|Any CPU
		{4717BD95-F050-4BE9-8438-249DD39B997F}.Release|Any CPU.ActiveCfg = Release|Any CPU
		{4717BD95-F050-4BE9-8438-249DD39B997F}.Release|Any CPU.Build.0 = Release|Any CPU
		{7144B92E-FE62-462C-8FD3-06C6C99E0BC1}.Debug|Any CPU.ActiveCfg = Debug|Any CPU
		{7144B92E-FE62-462C-8FD3-06C6C99E0BC1}.Debug|Any CPU.Build.0 = Debug|Any CPU
		{7144B92E-FE62-462C-8FD3-06C6C99E0BC1}.Release|Any CPU.ActiveCfg = Release|Any CPU
		{7144B92E-FE62-462C-8FD3-06C6C99E0BC1}.Release|Any CPU.Build.0 = Release|Any CPU
		{1399D383-E12C-435E-84BC-DBDDF9477DF7}.Debug|Any CPU.ActiveCfg = Debug|Any CPU
		{1399D383-E12C-435E-84BC-DBDDF9477DF7}.Debug|Any CPU.Build.0 = Debug|Any CPU
		{1399D383-E12C-435E-84BC-DBDDF9477DF7}.Release|Any CPU.ActiveCfg = Release|Any CPU
		{1399D383-E12C-435E-84BC-DBDDF9477DF7}.Release|Any CPU.Build.0 = Release|Any CPU
		{A8F98DA7-3557-4076-909E-513000D33821}.Debug|Any CPU.ActiveCfg = Debug|Any CPU
		{A8F98DA7-3557-4076-909E-513000D33821}.Debug|Any CPU.Build.0 = Debug|Any CPU
		{A8F98DA7-3557-4076-909E-513000D33821}.Release|Any CPU.ActiveCfg = Release|Any CPU
		{A8F98DA7-3557-4076-909E-513000D33821}.Release|Any CPU.Build.0 = Release|Any CPU
	EndGlobalSection
	GlobalSection(SolutionProperties) = preSolution
		HideSolutionNode = FALSE
	EndGlobalSection
	GlobalSection(NestedProjects) = preSolution
		{606766DE-FE98-466B-87C6-B980B4A1DFCF} = {B3421B0C-B4DB-434C-A7E4-74EC0669ADE9}
		{D8A3275F-5CE4-4C47-A2FA-F6BF6627E6B9} = {B3421B0C-B4DB-434C-A7E4-74EC0669ADE9}
		{A5205402-CC7F-4BD5-A237-110A21771C17} = {D8A3275F-5CE4-4C47-A2FA-F6BF6627E6B9}
		{63197C24-577F-4D83-8768-BF4DBBA3DF07} = {606766DE-FE98-466B-87C6-B980B4A1DFCF}
		{CA6971E5-3988-49B7-8E72-B5F4BDBA592C} = {A5205402-CC7F-4BD5-A237-110A21771C17}
		{4717BD95-F050-4BE9-8438-249DD39B997F} = {A5205402-CC7F-4BD5-A237-110A21771C17}
		{06284DEB-1723-4744-96CC-308D8A26B8E3} = {606766DE-FE98-466B-87C6-B980B4A1DFCF}
		{A36CA45E-99C2-4A9F-A9D3-871E582AF6E4} = {606766DE-FE98-466B-87C6-B980B4A1DFCF}
		{7144B92E-FE62-462C-8FD3-06C6C99E0BC1} = {06284DEB-1723-4744-96CC-308D8A26B8E3}
		{1399D383-E12C-435E-84BC-DBDDF9477DF7} = {A36CA45E-99C2-4A9F-A9D3-871E582AF6E4}
		{A8F98DA7-3557-4076-909E-513000D33821} = {63197C24-577F-4D83-8768-BF4DBBA3DF07}
	EndGlobalSection
	GlobalSection(ExtensibilityGlobals) = postSolution
		SolutionGuid = {0FAB2505-CD1D-43D3-82FD-2FF84C13EEB3}
	EndGlobalSection
EndGlobal
