
Microsoft Visual Studio Solution File, Format Version 12.00
# Visual Studio Version 17
VisualStudioVersion = 17.7.34202.233
MinimumVisualStudioVersion = 10.0.40219.1
Project("{2150E333-8FDC-42A3-9474-1A3956D46DE8}") = "src", "src", "{B3421B0C-B4DB-434C-A7E4-74EC0669ADE9}"
EndProject
Project("{2150E333-8FDC-42A3-9474-1A3956D46DE8}") = "Services", "Services", "{606766DE-FE98-466B-87C6-B980B4A1DFCF}"
EndProject
Project("{2150E333-8FDC-42A3-9474-1A3956D46DE8}") = "Core", "Core", "{D8A3275F-5CE4-4C47-A2FA-F6BF6627E6B9}"
EndProject
Project("{E53339B2-1760-4266-BCC7-CA923CBCF16C}") = "docker-compose", "docker-compose.dcproj", "{E037E03D-4175-4AB9-978B-8BCBAC222151}"
EndProject
Project("{2150E333-8FDC-42A3-9474-1A3956D46DE8}") = "EventBus", "EventBus", "{A5205402-CC7F-4BD5-A237-110A21771C17}"
EndProject
Project("{2150E333-8FDC-42A3-9474-1A3956D46DE8}") = "SharedServices", "SharedServices", "{63197C24-577F-4D83-8768-BF4DBBA3DF07}"
EndProject
Project("{2150E333-8FDC-42A3-9474-1A3956D46DE8}") = "PaymentManagement", "PaymentManagement", "{A36CA45E-99C2-4A9F-A9D3-871E582AF6E4}"
EndProject
Project("{9A19103F-16F7-4668-BE54-9A1E7A4F7556}") = "Pms.APIs", "src\Services\Pms\Pms.APIs\Pms.APIs.csproj", "{1399D383-E12C-435E-84BC-DBDDF9477DF7}"
EndProject
Project("{9A19103F-16F7-4668-BE54-9A1E7A4F7556}") = "Pms.Infrastructure", "src\Services\Pms\Pms.Infrastructure\Pms.Infrastructure.csproj", "{E84DBE50-3DCA-4BE1-A8BA-CE255684D860}"
EndProject
Project("{9A19103F-16F7-4668-BE54-9A1E7A4F7556}") = "Pms.Domain", "src\Services\Pms\Pms.Domain\Pms.Domain.csproj", "{A4E84336-C9C3-4B09-991F-2A3D493D3445}"
EndProject
Project("{9A19103F-16F7-4668-BE54-9A1E7A4F7556}") = "Pms.Application", "src\Services\Pms\Pms.Application\Pms.Application.csproj", "{C1CC0AA7-44AA-483D-B91C-7DF6F9EFD572}"
EndProject
Project("{9A19103F-16F7-4668-BE54-9A1E7A4F7556}") = "Shared.Services", "src\Services\Shared\TransactionIntegrationEvents\Shared.Services.csproj", "{390D92FF-51FA-4CBA-9739-31D4AEAB79F3}"
EndProject
Project("{2150E333-8FDC-42A3-9474-1A3956D46DE8}") = "Monitoring", "Monitoring", "{9EF5B246-83CB-48A5-A8DD-609CC2E3DDD9}"
EndProject
Project("{9A19103F-16F7-4668-BE54-9A1E7A4F7556}") = "Monitoring.APIs", "src\Services\Monitoring\Monitoring\Monitoring.APIs.csproj", "{D0D44B77-D5A1-428C-86CA-48873C7C8136}"
EndProject
Project("{9A19103F-16F7-4668-BE54-9A1E7A4F7556}") = "Core.EventBus", "src\Core\Core.EventBus\EventBus.Base\Core.EventBus.csproj", "{227D2CF2-8C50-45DC-8DBB-97E28E57744E}"
EndProject
Project("{9A19103F-16F7-4668-BE54-9A1E7A4F7556}") = "Core.EventBus.Masstransit", "src\Core\Core.EventBus\EventBus.Masstransit\Core.EventBus.Masstransit.csproj", "{E3A54BF4-5BB5-448C-B27F-1A856FB12DF3}"
EndProject
Project("{2150E333-8FDC-42A3-9474-1A3956D46DE8}") = "SharedKernel", "SharedKernel", "{7198584A-E69C-420D-8FE5-C1AF381D1B53}"
EndProject
Project("{9A19103F-16F7-4668-BE54-9A1E7A4F7556}") = "SharedKernel", "src\Core\SharedKernel\Core.SharedKernel\SharedKernel.csproj", "{702B782C-5077-43ED-8EDF-C3C43788CBE1}"
EndProject
Global
	GlobalSection(SolutionConfigurationPlatforms) = preSolution
		Debug|Any CPU = Debug|Any CPU
		Release|Any CPU = Release|Any CPU
	EndGlobalSection
	GlobalSection(ProjectConfigurationPlatforms) = postSolution
		{E037E03D-4175-4AB9-978B-8BCBAC222151}.Debug|Any CPU.ActiveCfg = Debug|Any CPU
		{E037E03D-4175-4AB9-978B-8BCBAC222151}.Debug|Any CPU.Build.0 = Debug|Any CPU
		{E037E03D-4175-4AB9-978B-8BCBAC222151}.Release|Any CPU.ActiveCfg = Release|Any CPU
		{E037E03D-4175-4AB9-978B-8BCBAC222151}.Release|Any CPU.Build.0 = Release|Any CPU
		{1399D383-E12C-435E-84BC-DBDDF9477DF7}.Debug|Any CPU.ActiveCfg = Debug|Any CPU
		{1399D383-E12C-435E-84BC-DBDDF9477DF7}.Debug|Any CPU.Build.0 = Debug|Any CPU
		{1399D383-E12C-435E-84BC-DBDDF9477DF7}.Release|Any CPU.ActiveCfg = Release|Any CPU
		{1399D383-E12C-435E-84BC-DBDDF9477DF7}.Release|Any CPU.Build.0 = Release|Any CPU
		{E84DBE50-3DCA-4BE1-A8BA-CE255684D860}.Debug|Any CPU.ActiveCfg = Debug|Any CPU
		{E84DBE50-3DCA-4BE1-A8BA-CE255684D860}.Debug|Any CPU.Build.0 = Debug|Any CPU
		{E84DBE50-3DCA-4BE1-A8BA-CE255684D860}.Release|Any CPU.ActiveCfg = Release|Any CPU
		{E84DBE50-3DCA-4BE1-A8BA-CE255684D860}.Release|Any CPU.Build.0 = Release|Any CPU
		{A4E84336-C9C3-4B09-991F-2A3D493D3445}.Debug|Any CPU.ActiveCfg = Debug|Any CPU
		{A4E84336-C9C3-4B09-991F-2A3D493D3445}.Debug|Any CPU.Build.0 = Debug|Any CPU
		{A4E84336-C9C3-4B09-991F-2A3D493D3445}.Release|Any CPU.ActiveCfg = Release|Any CPU
		{A4E84336-C9C3-4B09-991F-2A3D493D3445}.Release|Any CPU.Build.0 = Release|Any CPU
		{C1CC0AA7-44AA-483D-B91C-7DF6F9EFD572}.Debug|Any CPU.ActiveCfg = Debug|Any CPU
		{C1CC0AA7-44AA-483D-B91C-7DF6F9EFD572}.Debug|Any CPU.Build.0 = Debug|Any CPU
		{C1CC0AA7-44AA-483D-B91C-7DF6F9EFD572}.Release|Any CPU.ActiveCfg = Release|Any CPU
		{C1CC0AA7-44AA-483D-B91C-7DF6F9EFD572}.Release|Any CPU.Build.0 = Release|Any CPU
		{390D92FF-51FA-4CBA-9739-31D4AEAB79F3}.Debug|Any CPU.ActiveCfg = Debug|Any CPU
		{390D92FF-51FA-4CBA-9739-31D4AEAB79F3}.Debug|Any CPU.Build.0 = Debug|Any CPU
		{390D92FF-51FA-4CBA-9739-31D4AEAB79F3}.Release|Any CPU.ActiveCfg = Release|Any CPU
		{390D92FF-51FA-4CBA-9739-31D4AEAB79F3}.Release|Any CPU.Build.0 = Release|Any CPU
		{D0D44B77-D5A1-428C-86CA-48873C7C8136}.Debug|Any CPU.ActiveCfg = Debug|Any CPU
		{D0D44B77-D5A1-428C-86CA-48873C7C8136}.Debug|Any CPU.Build.0 = Debug|Any CPU
		{D0D44B77-D5A1-428C-86CA-48873C7C8136}.Release|Any CPU.ActiveCfg = Release|Any CPU
		{D0D44B77-D5A1-428C-86CA-48873C7C8136}.Release|Any CPU.Build.0 = Release|Any CPU
		{227D2CF2-8C50-45DC-8DBB-97E28E57744E}.Debug|Any CPU.ActiveCfg = Debug|Any CPU
		{227D2CF2-8C50-45DC-8DBB-97E28E57744E}.Debug|Any CPU.Build.0 = Debug|Any CPU
		{227D2CF2-8C50-45DC-8DBB-97E28E57744E}.Release|Any CPU.ActiveCfg = Release|Any CPU
		{227D2CF2-8C50-45DC-8DBB-97E28E57744E}.Release|Any CPU.Build.0 = Release|Any CPU
		{E3A54BF4-5BB5-448C-B27F-1A856FB12DF3}.Debug|Any CPU.ActiveCfg = Debug|Any CPU
		{E3A54BF4-5BB5-448C-B27F-1A856FB12DF3}.Debug|Any CPU.Build.0 = Debug|Any CPU
		{E3A54BF4-5BB5-448C-B27F-1A856FB12DF3}.Release|Any CPU.ActiveCfg = Release|Any CPU
		{E3A54BF4-5BB5-448C-B27F-1A856FB12DF3}.Release|Any CPU.Build.0 = Release|Any CPU
		{702B782C-5077-43ED-8EDF-C3C43788CBE1}.Debug|Any CPU.ActiveCfg = Debug|Any CPU
		{702B782C-5077-43ED-8EDF-C3C43788CBE1}.Debug|Any CPU.Build.0 = Debug|Any CPU
		{702B782C-5077-43ED-8EDF-C3C43788CBE1}.Release|Any CPU.ActiveCfg = Release|Any CPU
		{702B782C-5077-43ED-8EDF-C3C43788CBE1}.Release|Any CPU.Build.0 = Release|Any CPU
	EndGlobalSection
	GlobalSection(SolutionProperties) = preSolution
		HideSolutionNode = FALSE
	EndGlobalSection
	GlobalSection(NestedProjects) = preSolution
		{606766DE-FE98-466B-87C6-B980B4A1DFCF} = {B3421B0C-B4DB-434C-A7E4-74EC0669ADE9}
		{D8A3275F-5CE4-4C47-A2FA-F6BF6627E6B9} = {B3421B0C-B4DB-434C-A7E4-74EC0669ADE9}
		{A5205402-CC7F-4BD5-A237-110A21771C17} = {D8A3275F-5CE4-4C47-A2FA-F6BF6627E6B9}
		{63197C24-577F-4D83-8768-BF4DBBA3DF07} = {D8A3275F-5CE4-4C47-A2FA-F6BF6627E6B9}
		{A36CA45E-99C2-4A9F-A9D3-871E582AF6E4} = {606766DE-FE98-466B-87C6-B980B4A1DFCF}
		{1399D383-E12C-435E-84BC-DBDDF9477DF7} = {A36CA45E-99C2-4A9F-A9D3-871E582AF6E4}
		{E84DBE50-3DCA-4BE1-A8BA-CE255684D860} = {A36CA45E-99C2-4A9F-A9D3-871E582AF6E4}
		{A4E84336-C9C3-4B09-991F-2A3D493D3445} = {A36CA45E-99C2-4A9F-A9D3-871E582AF6E4}
		{C1CC0AA7-44AA-483D-B91C-7DF6F9EFD572} = {A36CA45E-99C2-4A9F-A9D3-871E582AF6E4}
		{390D92FF-51FA-4CBA-9739-31D4AEAB79F3} = {63197C24-577F-4D83-8768-BF4DBBA3DF07}
		{9EF5B246-83CB-48A5-A8DD-609CC2E3DDD9} = {606766DE-FE98-466B-87C6-B980B4A1DFCF}
		{D0D44B77-D5A1-428C-86CA-48873C7C8136} = {9EF5B246-83CB-48A5-A8DD-609CC2E3DDD9}
		{227D2CF2-8C50-45DC-8DBB-97E28E57744E} = {A5205402-CC7F-4BD5-A237-110A21771C17}
		{E3A54BF4-5BB5-448C-B27F-1A856FB12DF3} = {A5205402-CC7F-4BD5-A237-110A21771C17}
		{7198584A-E69C-420D-8FE5-C1AF381D1B53} = {D8A3275F-5CE4-4C47-A2FA-F6BF6627E6B9}
		{702B782C-5077-43ED-8EDF-C3C43788CBE1} = {7198584A-E69C-420D-8FE5-C1AF381D1B53}
	EndGlobalSection
	GlobalSection(ExtensibilityGlobals) = postSolution
		SolutionGuid = {0FAB2505-CD1D-43D3-82FD-2FF84C13EEB3}
	EndGlobalSection
EndGlobal
